{
  "object": {
    "pins": [
      {
        "package": "CwlCatchException",
        "repositoryURL": "https://github.com/mattgallagher/CwlCatchException.git",
        "state": {
          "branch": null,
          "revision": "3ef6999c73b6938cc0da422f2c912d0158abb0a0",
          "version": "2.2.0"
        }
      },
      {
        "package": "CwlPreconditionTesting",
        "repositoryURL": "https://github.com/mattgallagher/CwlPreconditionTesting.git",
        "state": {
          "branch": null,
          "revision": "2ef56b2caf25f55fa7eef8784c30d5a767550f54",
          "version": "2.2.1"
        }
      },
      {
        "package": "Nimble",
        "repositoryURL": "https://github.com/Quick/Nimble.git",
        "state": {
          "branch": null,
          "revision": "efe11bbca024b57115260709b5c05e01131470d0",
          "version": "13.2.1"
        }
      },
      {
        "package": "Quick",
        "repositoryURL": "https://github.com/Quick/Quick.git",
        "state": {
          "branch": null,
          "revision": "6d01974d236f598633cac58280372c0c8cfea5bc",
          "version": "7.4.1"
        }
      }
    ]
  },
  "version": 1
}
